// !$*UTF8*$!
{
	archiveVersion = 1;
	classes = {
	};
	objectVersion = 46;
	objects = {

/* Begin PBXBuildFile section */
		E7243BA91D19401E00A71464 /* main.m in Sources */ = {isa = PBXBuildFile; fileRef = E7243BA81D19401E00A71464 /* main.m */; };
		E7243BAC1D19401E00A71464 /* AppDelegate.m in Sources */ = {isa = PBXBuildFile; fileRef = E7243BAB1D19401E00A71464 /* AppDelegate.m */; };
		E7243BAF1D19401E00A71464 /* ViewController.m in Sources */ = {isa = PBXBuildFile; fileRef = E7243BAE1D19401E00A71464 /* ViewController.m */; };
		E7243BB21D19401F00A71464 /* Main.storyboard in Resources */ = {isa = PBXBuildFile; fileRef = E7243BB01D19401F00A71464 /* Main.storyboard */; };
		E7243BB41D19401F00A71464 /* Assets.xcassets in Resources */ = {isa = PBXBuildFile; fileRef = E7243BB31D19401F00A71464 /* Assets.xcassets */; };
		E7243BB71D19401F00A71464 /* LaunchScreen.storyboard in Resources */ = {isa = PBXBuildFile; fileRef = E7243BB51D19401F00A71464 /* LaunchScreen.storyboard */; };
		E7243BC21D19401F00A71464 /* CollectionViewDemoTests.m in Sources */ = {isa = PBXBuildFile; fileRef = E7243BC11D19401F00A71464 /* CollectionViewDemoTests.m */; };
		E7243BCD1D19401F00A71464 /* CollectionViewDemoUITests.m in Sources */ = {isa = PBXBuildFile; fileRef = E7243BCC1D19401F00A71464 /* CollectionViewDemoUITests.m */; };
		E7243BDC1D19419A00A71464 /* CommonViewController.m in Sources */ = {isa = PBXBuildFile; fileRef = E7243BDB1D19419A00A71464 /* CommonViewController.m */; };
		E7243BF81D19421E00A71464 /* LICENSE in Resources */ = {isa = PBXBuildFile; fileRef = E7243BDE1D19421E00A71464 /* LICENSE */; };
		E7243BF91D19421E00A71464 /* MASCompositeConstraint.m in Sources */ = {isa = PBXBuildFile; fileRef = E7243BE11D19421E00A71464 /* MASCompositeConstraint.m */; };
		E7243BFA1D19421E00A71464 /* MASConstraint.m in Sources */ = {isa = PBXBuildFile; fileRef = E7243BE41D19421E00A71464 /* MASConstraint.m */; };
		E7243BFB1D19421E00A71464 /* MASConstraintMaker.m in Sources */ = {isa = PBXBuildFile; fileRef = E7243BE61D19421E00A71464 /* MASConstraintMaker.m */; };
		E7243BFC1D19421E00A71464 /* MASLayoutConstraint.m in Sources */ = {isa = PBXBuildFile; fileRef = E7243BE81D19421E00A71464 /* MASLayoutConstraint.m */; };
		E7243BFD1D19421E00A71464 /* MASViewAttribute.m in Sources */ = {isa = PBXBuildFile; fileRef = E7243BEC1D19421E00A71464 /* MASViewAttribute.m */; };
		E7243BFE1D19421E00A71464 /* MASViewConstraint.m in Sources */ = {isa = PBXBuildFile; fileRef = E7243BEE1D19421E00A71464 /* MASViewConstraint.m */; };
		E7243BFF1D19421E00A71464 /* NSArray+MASAdditions.m in Sources */ = {isa = PBXBuildFile; fileRef = E7243BF01D19421E00A71464 /* NSArray+MASAdditions.m */; };
		E7243C001D19421E00A71464 /* NSLayoutConstraint+MASDebugAdditions.m in Sources */ = {isa = PBXBuildFile; fileRef = E7243BF31D19421E00A71464 /* NSLayoutConstraint+MASDebugAdditions.m */; };
		E7243C011D19421E00A71464 /* View+MASAdditions.m in Sources */ = {isa = PBXBuildFile; fileRef = E7243BF51D19421E00A71464 /* View+MASAdditions.m */; };
		E7243C021D19421E00A71464 /* README.md in Sources */ = {isa = PBXBuildFile; fileRef = E7243BF71D19421E00A71464 /* README.md */; };
		E7F6AD771D1A656700E5D87A /* dog0.jpg in Resources */ = {isa = PBXBuildFile; fileRef = E7F6AD711D1A656700E5D87A /* dog0.jpg */; };
		E7F6AD781D1A656700E5D87A /* dog1.jpg in Resources */ = {isa = PBXBuildFile; fileRef = E7F6AD721D1A656700E5D87A /* dog1.jpg */; };
		E7F6AD791D1A656700E5D87A /* dog2.jpg in Resources */ = {isa = PBXBuildFile; fileRef = E7F6AD731D1A656700E5D87A /* dog2.jpg */; };
		E7F6AD7A1D1A656700E5D87A /* dog3.jpg in Resources */ = {isa = PBXBuildFile; fileRef = E7F6AD741D1A656700E5D87A /* dog3.jpg */; };
		E7F6AD7B1D1A656700E5D87A /* dog4.jpg in Resources */ = {isa = PBXBuildFile; fileRef = E7F6AD751D1A656700E5D87A /* dog4.jpg */; };
		E7F6AD7C1D1A656700E5D87A /* dog5.jpg in Resources */ = {isa = PBXBuildFile; fileRef = E7F6AD761D1A656700E5D87A /* dog5.jpg */; };
		E7F6AD7F1D1A8D3000E5D87A /* TRCollectionViewLayout.m in Sources */ = {isa = PBXBuildFile; fileRef = E7F6AD7E1D1A8D3000E5D87A /* TRCollectionViewLayout.m */; };
		E7F6AD821D1A8D5100E5D87A /* FlowViewController.m in Sources */ = {isa = PBXBuildFile; fileRef = E7F6AD811D1A8D5100E5D87A /* FlowViewController.m */; };
/* End PBXBuildFile section */

/* Begin PBXContainerItemProxy section */
		E7243BBE1D19401F00A71464 /* PBXContainerItemProxy */ = {
			isa = PBXContainerItemProxy;
			containerPortal = E7243B9C1D19401E00A71464 /* Project object */;
			proxyType = 1;
			remoteGlobalIDString = E7243BA31D19401E00A71464;
			remoteInfo = CollectionViewDemo;
		};
		E7243BC91D19401F00A71464 /* PBXContainerItemProxy */ = {
			isa = PBXContainerItemProxy;
			containerPortal = E7243B9C1D19401E00A71464 /* Project object */;
			proxyType = 1;
			remoteGlobalIDString = E7243BA31D19401E00A71464;
			remoteInfo = CollectionViewDemo;
		};
/* End PBXContainerItemProxy section */

/* Begin PBXFileReference section */
		E7243BA41D19401E00A71464 /* CollectionViewDemo.app */ = {isa = PBXFileReference; explicitFileType = wrapper.application; includeInIndex = 0; path = CollectionViewDemo.app; sourceTree = BUILT_PRODUCTS_DIR; };
		E7243BA81D19401E00A71464 /* main.m */ = {isa = PBXFileReference; lastKnownFileType = sourcecode.c.objc; path = main.m; sourceTree = "<group>"; };
		E7243BAA1D19401E00A71464 /* AppDelegate.h */ = {isa = PBXFileReference; lastKnownFileType = sourcecode.c.h; path = AppDelegate.h; sourceTree = "<group>"; };
		E7243BAB1D19401E00A71464 /* AppDelegate.m */ = {isa = PBXFileReference; lastKnownFileType = sourcecode.c.objc; path = AppDelegate.m; sourceTree = "<group>"; };
		E7243BAD1D19401E00A71464 /* ViewController.h */ = {isa = PBXFileReference; lastKnownFileType = sourcecode.c.h; path = ViewController.h; sourceTree = "<group>"; };
		E7243BAE1D19401E00A71464 /* ViewController.m */ = {isa = PBXFileReference; lastKnownFileType = sourcecode.c.objc; path = ViewController.m; sourceTree = "<group>"; };
		E7243BB11D19401F00A71464 /* Base */ = {isa = PBXFileReference; lastKnownFileType = file.storyboard; name = Base; path = Base.lproj/Main.storyboard; sourceTree = "<group>"; };
		E7243BB31D19401F00A71464 /* Assets.xcassets */ = {isa = PBXFileReference; lastKnownFileType = folder.assetcatalog; path = Assets.xcassets; sourceTree = "<group>"; };
		E7243BB61D19401F00A71464 /* Base */ = {isa = PBXFileReference; lastKnownFileType = file.storyboard; name = Base; path = Base.lproj/LaunchScreen.storyboard; sourceTree = "<group>"; };
		E7243BB81D19401F00A71464 /* Info.plist */ = {isa = PBXFileReference; lastKnownFileType = text.plist.xml; path = Info.plist; sourceTree = "<group>"; };
		E7243BBD1D19401F00A71464 /* CollectionViewDemoTests.xctest */ = {isa = PBXFileReference; explicitFileType = wrapper.cfbundle; includeInIndex = 0; path = CollectionViewDemoTests.xctest; sourceTree = BUILT_PRODUCTS_DIR; };
		E7243BC11D19401F00A71464 /* CollectionViewDemoTests.m */ = {isa = PBXFileReference; lastKnownFileType = sourcecode.c.objc; path = CollectionViewDemoTests.m; sourceTree = "<group>"; };
		E7243BC31D19401F00A71464 /* Info.plist */ = {isa = PBXFileReference; lastKnownFileType = text.plist.xml; path = Info.plist; sourceTree = "<group>"; };
		E7243BC81D19401F00A71464 /* CollectionViewDemoUITests.xctest */ = {isa = PBXFileReference; explicitFileType = wrapper.cfbundle; includeInIndex = 0; path = CollectionViewDemoUITests.xctest; sourceTree = BUILT_PRODUCTS_DIR; };
		E7243BCC1D19401F00A71464 /* CollectionViewDemoUITests.m */ = {isa = PBXFileReference; lastKnownFileType = sourcecode.c.objc; path = CollectionViewDemoUITests.m; sourceTree = "<group>"; };
		E7243BCE1D19401F00A71464 /* Info.plist */ = {isa = PBXFileReference; lastKnownFileType = text.plist.xml; path = Info.plist; sourceTree = "<group>"; };
		E7243BDA1D19419A00A71464 /* CommonViewController.h */ = {isa = PBXFileReference; fileEncoding = 4; lastKnownFileType = sourcecode.c.h; path = CommonViewController.h; sourceTree = "<group>"; };
		E7243BDB1D19419A00A71464 /* CommonViewController.m */ = {isa = PBXFileReference; fileEncoding = 4; lastKnownFileType = sourcecode.c.objc; path = CommonViewController.m; sourceTree = "<group>"; };
		E7243BDE1D19421E00A71464 /* LICENSE */ = {isa = PBXFileReference; fileEncoding = 4; lastKnownFileType = text; path = LICENSE; sourceTree = "<group>"; };
		E7243BE01D19421E00A71464 /* MASCompositeConstraint.h */ = {isa = PBXFileReference; fileEncoding = 4; lastKnownFileType = sourcecode.c.h; path = MASCompositeConstraint.h; sourceTree = "<group>"; };
		E7243BE11D19421E00A71464 /* MASCompositeConstraint.m */ = {isa = PBXFileReference; fileEncoding = 4; lastKnownFileType = sourcecode.c.objc; path = MASCompositeConstraint.m; sourceTree = "<group>"; };
		E7243BE21D19421E00A71464 /* MASConstraint+Private.h */ = {isa = PBXFileReference; fileEncoding = 4; lastKnownFileType = sourcecode.c.h; path = "MASConstraint+Private.h"; sourceTree = "<group>"; };
		E7243BE31D19421E00A71464 /* MASConstraint.h */ = {isa = PBXFileReference; fileEncoding = 4; lastKnownFileType = sourcecode.c.h; path = MASConstraint.h; sourceTree = "<group>"; };
		E7243BE41D19421E00A71464 /* MASConstraint.m */ = {isa = PBXFileReference; fileEncoding = 4; lastKnownFileType = sourcecode.c.objc; path = MASConstraint.m; sourceTree = "<group>"; };
		E7243BE51D19421E00A71464 /* MASConstraintMaker.h */ = {isa = PBXFileReference; fileEncoding = 4; lastKnownFileType = sourcecode.c.h; path = MASConstraintMaker.h; sourceTree = "<group>"; };
		E7243BE61D19421E00A71464 /* MASConstraintMaker.m */ = {isa = PBXFileReference; fileEncoding = 4; lastKnownFileType = sourcecode.c.objc; path = MASConstraintMaker.m; sourceTree = "<group>"; };
		E7243BE71D19421E00A71464 /* MASLayoutConstraint.h */ = {isa = PBXFileReference; fileEncoding = 4; lastKnownFileType = sourcecode.c.h; path = MASLayoutConstraint.h; sourceTree = "<group>"; };
		E7243BE81D19421E00A71464 /* MASLayoutConstraint.m */ = {isa = PBXFileReference; fileEncoding = 4; lastKnownFileType = sourcecode.c.objc; path = MASLayoutConstraint.m; sourceTree = "<group>"; };
		E7243BE91D19421E00A71464 /* Masonry.h */ = {isa = PBXFileReference; fileEncoding = 4; lastKnownFileType = sourcecode.c.h; path = Masonry.h; sourceTree = "<group>"; };
		E7243BEA1D19421E00A71464 /* MASUtilities.h */ = {isa = PBXFileReference; fileEncoding = 4; lastKnownFileType = sourcecode.c.h; path = MASUtilities.h; sourceTree = "<group>"; };
		E7243BEB1D19421E00A71464 /* MASViewAttribute.h */ = {isa = PBXFileReference; fileEncoding = 4; lastKnownFileType = sourcecode.c.h; path = MASViewAttribute.h; sourceTree = "<group>"; };
		E7243BEC1D19421E00A71464 /* MASViewAttribute.m */ = {isa = PBXFileReference; fileEncoding = 4; lastKnownFileType = sourcecode.c.objc; path = MASViewAttribute.m; sourceTree = "<group>"; };
		E7243BED1D19421E00A71464 /* MASViewConstraint.h */ = {isa = PBXFileReference; fileEncoding = 4; lastKnownFileType = sourcecode.c.h; path = MASViewConstraint.h; sourceTree = "<group>"; };
		E7243BEE1D19421E00A71464 /* MASViewConstraint.m */ = {isa = PBXFileReference; fileEncoding = 4; lastKnownFileType = sourcecode.c.objc; path = MASViewConstraint.m; sourceTree = "<group>"; };
		E7243BEF1D19421E00A71464 /* NSArray+MASAdditions.h */ = {isa = PBXFileReference; fileEncoding = 4; lastKnownFileType = sourcecode.c.h; path = "NSArray+MASAdditions.h"; sourceTree = "<group>"; };
		E7243BF01D19421E00A71464 /* NSArray+MASAdditions.m */ = {isa = PBXFileReference; fileEncoding = 4; lastKnownFileType = sourcecode.c.objc; path = "NSArray+MASAdditions.m"; sourceTree = "<group>"; };
		E7243BF11D19421E00A71464 /* NSArray+MASShorthandAdditions.h */ = {isa = PBXFileReference; fileEncoding = 4; lastKnownFileType = sourcecode.c.h; path = "NSArray+MASShorthandAdditions.h"; sourceTree = "<group>"; };
		E7243BF21D19421E00A71464 /* NSLayoutConstraint+MASDebugAdditions.h */ = {isa = PBXFileReference; fileEncoding = 4; lastKnownFileType = sourcecode.c.h; path = "NSLayoutConstraint+MASDebugAdditions.h"; sourceTree = "<group>"; };
		E7243BF31D19421E00A71464 /* NSLayoutConstraint+MASDebugAdditions.m */ = {isa = PBXFileReference; fileEncoding = 4; lastKnownFileType = sourcecode.c.objc; path = "NSLayoutConstraint+MASDebugAdditions.m"; sourceTree = "<group>"; };
		E7243BF41D19421E00A71464 /* View+MASAdditions.h */ = {isa = PBXFileReference; fileEncoding = 4; lastKnownFileType = sourcecode.c.h; path = "View+MASAdditions.h"; sourceTree = "<group>"; };
		E7243BF51D19421E00A71464 /* View+MASAdditions.m */ = {isa = PBXFileReference; fileEncoding = 4; lastKnownFileType = sourcecode.c.objc; path = "View+MASAdditions.m"; sourceTree = "<group>"; };
		E7243BF61D19421E00A71464 /* View+MASShorthandAdditions.h */ = {isa = PBXFileReference; fileEncoding = 4; lastKnownFileType = sourcecode.c.h; path = "View+MASShorthandAdditions.h"; sourceTree = "<group>"; };
		E7243BF71D19421E00A71464 /* README.md */ = {isa = PBXFileReference; fileEncoding = 4; lastKnownFileType = net.daringfireball.markdown; path = README.md; sourceTree = "<group>"; };
		E7F6AD711D1A656700E5D87A /* dog0.jpg */ = {isa = PBXFileReference; lastKnownFileType = image.jpeg; path = dog0.jpg; sourceTree = "<group>"; };
		E7F6AD721D1A656700E5D87A /* dog1.jpg */ = {isa = PBXFileReference; lastKnownFileType = image.jpeg; path = dog1.jpg; sourceTree = "<group>"; };
		E7F6AD731D1A656700E5D87A /* dog2.jpg */ = {isa = PBXFileReference; lastKnownFileType = image.jpeg; path = dog2.jpg; sourceTree = "<group>"; };
		E7F6AD741D1A656700E5D87A /* dog3.jpg */ = {isa = PBXFileReference; lastKnownFileType = image.jpeg; path = dog3.jpg; sourceTree = "<group>"; };
		E7F6AD751D1A656700E5D87A /* dog4.jpg */ = {isa = PBXFileReference; lastKnownFileType = image.jpeg; path = dog4.jpg; sourceTree = "<group>"; };
		E7F6AD761D1A656700E5D87A /* dog5.jpg */ = {isa = PBXFileReference; lastKnownFileType = image.jpeg; path = dog5.jpg; sourceTree = "<group>"; };
		E7F6AD7D1D1A8D3000E5D87A /* TRCollectionViewLayout.h */ = {isa = PBXFileReference; fileEncoding = 4; lastKnownFileType = sourcecode.c.h; path = TRCollectionViewLayout.h; sourceTree = "<group>"; };
		E7F6AD7E1D1A8D3000E5D87A /* TRCollectionViewLayout.m */ = {isa = PBXFileReference; fileEncoding = 4; lastKnownFileType = sourcecode.c.objc; path = TRCollectionViewLayout.m; sourceTree = "<group>"; };
		E7F6AD801D1A8D5100E5D87A /* FlowViewController.h */ = {isa = PBXFileReference; fileEncoding = 4; lastKnownFileType = sourcecode.c.h; path = FlowViewController.h; sourceTree = "<group>"; };
		E7F6AD811D1A8D5100E5D87A /* FlowViewController.m */ = {isa = PBXFileReference; fileEncoding = 4; lastKnownFileType = sourcecode.c.objc; path = FlowViewController.m; sourceTree = "<group>"; };
/* End PBXFileReference section */

/* Begin PBXFrameworksBuildPhase section */
		E7243BA11D19401E00A71464 /* Frameworks */ = {
			isa = PBXFrameworksBuildPhase;
			buildActionMask = 2147483647;
			files = (
			);
			runOnlyForDeploymentPostprocessing = 0;
		};
		E7243BBA1D19401F00A71464 /* Frameworks */ = {
			isa = PBXFrameworksBuildPhase;
			buildActionMask = 2147483647;
			files = (
			);
			runOnlyForDeploymentPostprocessing = 0;
		};
		E7243BC51D19401F00A71464 /* Frameworks */ = {
			isa = PBXFrameworksBuildPhase;
			buildActionMask = 2147483647;
			files = (
			);
			runOnlyForDeploymentPostprocessing = 0;
		};
/* End PBXFrameworksBuildPhase section */

/* Begin PBXGroup section */
		E7243B9B1D19401E00A71464 = {
			isa = PBXGroup;
			children = (
				E7243BA61D19401E00A71464 /* CollectionViewDemo */,
				E7243BC01D19401F00A71464 /* CollectionViewDemoTests */,
				E7243BCB1D19401F00A71464 /* CollectionViewDemoUITests */,
				E7243BA51D19401E00A71464 /* Products */,
			);
			sourceTree = "<group>";
		};
		E7243BA51D19401E00A71464 /* Products */ = {
			isa = PBXGroup;
			children = (
				E7243BA41D19401E00A71464 /* CollectionViewDemo.app */,
				E7243BBD1D19401F00A71464 /* CollectionViewDemoTests.xctest */,
				E7243BC81D19401F00A71464 /* CollectionViewDemoUITests.xctest */,
			);
			name = Products;
			sourceTree = "<group>";
		};
		E7243BA61D19401E00A71464 /* CollectionViewDemo */ = {
			isa = PBXGroup;
			children = (
				E7243BAA1D19401E00A71464 /* AppDelegate.h */,
				E7243BAB1D19401E00A71464 /* AppDelegate.m */,
				E7243BAD1D19401E00A71464 /* ViewController.h */,
				E7243BAE1D19401E00A71464 /* ViewController.m */,
				E7243BB01D19401F00A71464 /* Main.storyboard */,
				E7243BDA1D19419A00A71464 /* CommonViewController.h */,
				E7243BDB1D19419A00A71464 /* CommonViewController.m */,
				E7F6AD801D1A8D5100E5D87A /* FlowViewController.h */,
				E7F6AD811D1A8D5100E5D87A /* FlowViewController.m */,
				E7F6AD7D1D1A8D3000E5D87A /* TRCollectionViewLayout.h */,
				E7F6AD7E1D1A8D3000E5D87A /* TRCollectionViewLayout.m */,
				E7243BDD1D19421E00A71464 /* Masonry */,
				E7243BB31D19401F00A71464 /* Assets.xcassets */,
				E7243BB51D19401F00A71464 /* LaunchScreen.storyboard */,
				E7243BB81D19401F00A71464 /* Info.plist */,
				E7243BA71D19401E00A71464 /* Supporting Files */,
			);
			path = CollectionViewDemo;
			sourceTree = "<group>";
		};
		E7243BA71D19401E00A71464 /* Supporting Files */ = {
			isa = PBXGroup;
			children = (
				E7243BA81D19401E00A71464 /* main.m */,
				E7F6AD711D1A656700E5D87A /* dog0.jpg */,
				E7F6AD721D1A656700E5D87A /* dog1.jpg */,
				E7F6AD731D1A656700E5D87A /* dog2.jpg */,
				E7F6AD741D1A656700E5D87A /* dog3.jpg */,
				E7F6AD751D1A656700E5D87A /* dog4.jpg */,
				E7F6AD761D1A656700E5D87A /* dog5.jpg */,
			);
			name = "Supporting Files";
			sourceTree = "<group>";
		};
		E7243BC01D19401F00A71464 /* CollectionViewDemoTests */ = {
			isa = PBXGroup;
			children = (
				E7243BC11D19401F00A71464 /* CollectionViewDemoTests.m */,
				E7243BC31D19401F00A71464 /* Info.plist */,
			);
			path = CollectionViewDemoTests;
			sourceTree = "<group>";
		};
		E7243BCB1D19401F00A71464 /* CollectionViewDemoUITests */ = {
			isa = PBXGroup;
			children = (
				E7243BCC1D19401F00A71464 /* CollectionViewDemoUITests.m */,
				E7243BCE1D19401F00A71464 /* Info.plist */,
			);
			path = CollectionViewDemoUITests;
			sourceTree = "<group>";
		};
		E7243BDD1D19421E00A71464 /* Masonry */ = {
			isa = PBXGroup;
			children = (
				E7243BDE1D19421E00A71464 /* LICENSE */,
				E7243BDF1D19421E00A71464 /* Masonry */,
				E7243BF71D19421E00A71464 /* README.md */,
			);
			path = Masonry;
			sourceTree = "<group>";
		};
		E7243BDF1D19421E00A71464 /* Masonry */ = {
			isa = PBXGroup;
			children = (
				E7243BE01D19421E00A71464 /* MASCompositeConstraint.h */,
				E7243BE11D19421E00A71464 /* MASCompositeConstraint.m */,
				E7243BE21D19421E00A71464 /* MASConstraint+Private.h */,
				E7243BE31D19421E00A71464 /* MASConstraint.h */,
				E7243BE41D19421E00A71464 /* MASConstraint.m */,
				E7243BE51D19421E00A71464 /* MASConstraintMaker.h */,
				E7243BE61D19421E00A71464 /* MASConstraintMaker.m */,
				E7243BE71D19421E00A71464 /* MASLayoutConstraint.h */,
				E7243BE81D19421E00A71464 /* MASLayoutConstraint.m */,
				E7243BE91D19421E00A71464 /* Masonry.h */,
				E7243BEA1D19421E00A71464 /* MASUtilities.h */,
				E7243BEB1D19421E00A71464 /* MASViewAttribute.h */,
				E7243BEC1D19421E00A71464 /* MASViewAttribute.m */,
				E7243BED1D19421E00A71464 /* MASViewConstraint.h */,
				E7243BEE1D19421E00A71464 /* MASViewConstraint.m */,
				E7243BEF1D19421E00A71464 /* NSArray+MASAdditions.h */,
				E7243BF01D19421E00A71464 /* NSArray+MASAdditions.m */,
				E7243BF11D19421E00A71464 /* NSArray+MASShorthandAdditions.h */,
				E7243BF21D19421E00A71464 /* NSLayoutConstraint+MASDebugAdditions.h */,
				E7243BF31D19421E00A71464 /* NSLayoutConstraint+MASDebugAdditions.m */,
				E7243BF41D19421E00A71464 /* View+MASAdditions.h */,
				E7243BF51D19421E00A71464 /* View+MASAdditions.m */,
				E7243BF61D19421E00A71464 /* View+MASShorthandAdditions.h */,
			);
			path = Masonry;
			sourceTree = "<group>";
		};
/* End PBXGroup section */

/* Begin PBXNativeTarget section */
		E7243BA31D19401E00A71464 /* CollectionViewDemo */ = {
			isa = PBXNativeTarget;
			buildConfigurationList = E7243BD11D19401F00A71464 /* Build configuration list for PBXNativeTarget "CollectionViewDemo" */;
			buildPhases = (
				E7243BA01D19401E00A71464 /* Sources */,
				E7243BA11D19401E00A71464 /* Frameworks */,
				E7243BA21D19401E00A71464 /* Resources */,
			);
			buildRules = (
			);
			dependencies = (
			);
			name = CollectionViewDemo;
			productName = CollectionViewDemo;
			productReference = E7243BA41D19401E00A71464 /* CollectionViewDemo.app */;
			productType = "com.apple.product-type.application";
		};
		E7243BBC1D19401F00A71464 /* CollectionViewDemoTests */ = {
			isa = PBXNativeTarget;
			buildConfigurationList = E7243BD41D19401F00A71464 /* Build configuration list for PBXNativeTarget "CollectionViewDemoTests" */;
			buildPhases = (
				E7243BB91D19401F00A71464 /* Sources */,
				E7243BBA1D19401F00A71464 /* Frameworks */,
				E7243BBB1D19401F00A71464 /* Resources */,
			);
			buildRules = (
			);
			dependencies = (
				E7243BBF1D19401F00A71464 /* PBXTargetDependency */,
			);
			name = CollectionViewDemoTests;
			productName = CollectionViewDemoTests;
			productReference = E7243BBD1D19401F00A71464 /* CollectionViewDemoTests.xctest */;
			productType = "com.apple.product-type.bundle.unit-test";
		};
		E7243BC71D19401F00A71464 /* CollectionViewDemoUITests */ = {
			isa = PBXNativeTarget;
			buildConfigurationList = E7243BD71D19401F00A71464 /* Build configuration list for PBXNativeTarget "CollectionViewDemoUITests" */;
			buildPhases = (
				E7243BC41D19401F00A71464 /* Sources */,
				E7243BC51D19401F00A71464 /* Frameworks */,
				E7243BC61D19401F00A71464 /* Resources */,
			);
			buildRules = (
			);
			dependencies = (
				E7243BCA1D19401F00A71464 /* PBXTargetDependency */,
			);
			name = CollectionViewDemoUITests;
			productName = CollectionViewDemoUITests;
			productReference = E7243BC81D19401F00A71464 /* CollectionViewDemoUITests.xctest */;
			productType = "com.apple.product-type.bundle.ui-testing";
		};
/* End PBXNativeTarget section */

/* Begin PBXProject section */
		E7243B9C1D19401E00A71464 /* Project object */ = {
			isa = PBXProject;
			attributes = {
				LastUpgradeCheck = 0730;
				ORGANIZATIONNAME = com.aihuo;
				TargetAttributes = {
					E7243BA31D19401E00A71464 = {
						CreatedOnToolsVersion = 7.3.1;
						DevelopmentTeam = XS736WC5KF;
					};
					E7243BBC1D19401F00A71464 = {
						CreatedOnToolsVersion = 7.3.1;
						TestTargetID = E7243BA31D19401E00A71464;
					};
					E7243BC71D19401F00A71464 = {
						CreatedOnToolsVersion = 7.3.1;
						TestTargetID = E7243BA31D19401E00A71464;
					};
				};
			};
			buildConfigurationList = E7243B9F1D19401E00A71464 /* Build configuration list for PBXProject "CollectionViewDemo" */;
			compatibilityVersion = "Xcode 3.2";
			developmentRegion = English;
			hasScannedForEncodings = 0;
			knownRegions = (
				en,
				Base,
			);
			mainGroup = E7243B9B1D19401E00A71464;
			productRefGroup = E7243BA51D19401E00A71464 /* Products */;
			projectDirPath = "";
			projectRoot = "";
			targets = (
				E7243BA31D19401E00A71464 /* CollectionViewDemo */,
				E7243BBC1D19401F00A71464 /* CollectionViewDemoTests */,
				E7243BC71D19401F00A71464 /* CollectionViewDemoUITests */,
			);
		};
/* End PBXProject section */

/* Begin PBXResourcesBuildPhase section */
		E7243BA21D19401E00A71464 /* Resources */ = {
			isa = PBXResourcesBuildPhase;
			buildActionMask = 2147483647;
			files = (
				E7243BB71D19401F00A71464 /* LaunchScreen.storyboard in Resources */,
				E7F6AD771D1A656700E5D87A /* dog0.jpg in Resources */,
				E7F6AD791D1A656700E5D87A /* dog2.jpg in Resources */,
				E7243BB41D19401F00A71464 /* Assets.xcassets in Resources */,
				E7F6AD7B1D1A656700E5D87A /* dog4.jpg in Resources */,
				E7F6AD7A1D1A656700E5D87A /* dog3.jpg in Resources */,
				E7F6AD7C1D1A656700E5D87A /* dog5.jpg in Resources */,
				E7243BF81D19421E00A71464 /* LICENSE in Resources */,
				E7F6AD781D1A656700E5D87A /* dog1.jpg in Resources */,
				E7243BB21D19401F00A71464 /* Main.storyboard in Resources */,
			);
			runOnlyForDeploymentPostprocessing = 0;
		};
		E7243BBB1D19401F00A71464 /* Resources */ = {
			isa = PBXResourcesBuildPhase;
			buildActionMask = 2147483647;
			files = (
			);
			runOnlyForDeploymentPostprocessing = 0;
		};
		E7243BC61D19401F00A71464 /* Resources */ = {
			isa = PBXResourcesBuildPhase;
			buildActionMask = 2147483647;
			files = (
			);
			runOnlyForDeploymentPostprocessing = 0;
		};
/* End PBXResourcesBuildPhase section */

/* Begin PBXSourcesBuildPhase section */
		E7243BA01D19401E00A71464 /* Sources */ = {
			isa = PBXSourcesBuildPhase;
			buildActionMask = 2147483647;
			files = (
				E7243BFB1D19421E00A71464 /* MASConstraintMaker.m in Sources */,
				E7243BAF1D19401E00A71464 /* ViewController.m in Sources */,
				E7243BDC1D19419A00A71464 /* CommonViewController.m in Sources */,
				E7F6AD7F1D1A8D3000E5D87A /* TRCollectionViewLayout.m in Sources */,
				E7243BFA1D19421E00A71464 /* MASConstraint.m in Sources */,
				E7243BFC1D19421E00A71464 /* MASLayoutConstraint.m in Sources */,
				E7F6AD821D1A8D5100E5D87A /* FlowViewController.m in Sources */,
				E7243BFF1D19421E00A71464 /* NSArray+MASAdditions.m in Sources */,
				E7243BFE1D19421E00A71464 /* MASViewConstraint.m in Sources */,
				E7243BFD1D19421E00A71464 /* MASViewAttribute.m in Sources */,
				E7243C011D19421E00A71464 /* View+MASAdditions.m in Sources */,
				E7243BAC1D19401E00A71464 /* AppDelegate.m in Sources */,
				E7243C021D19421E00A71464 /* README.md in Sources */,
				E7243BA91D19401E00A71464 /* main.m in Sources */,
				E7243BF91D19421E00A71464 /* MASCompositeConstraint.m in Sources */,
				E7243C001D19421E00A71464 /* NSLayoutConstraint+MASDebugAdditions.m in Sources */,
			);
			runOnlyForDeploymentPostprocessing = 0;
		};
		E7243BB91D19401F00A71464 /* Sources */ = {
			isa = PBXSourcesBuildPhase;
			buildActionMask = 2147483647;
			files = (
				E7243BC21D19401F00A71464 /* CollectionViewDemoTests.m in Sources */,
			);
			runOnlyForDeploymentPostprocessing = 0;
		};
		E7243BC41D19401F00A71464 /* Sources */ = {
			isa = PBXSourcesBuildPhase;
			buildActionMask = 2147483647;
			files = (
				E7243BCD1D19401F00A71464 /* CollectionViewDemoUITests.m in Sources */,
			);
			runOnlyForDeploymentPostprocessing = 0;
		};
/* End PBXSourcesBuildPhase section */

/* Begin PBXTargetDependency section */
		E7243BBF1D19401F00A71464 /* PBXTargetDependency */ = {
			isa = PBXTargetDependency;
			target = E7243BA31D19401E00A71464 /* CollectionViewDemo */;
			targetProxy = E7243BBE1D19401F00A71464 /* PBXContainerItemProxy */;
		};
		E7243BCA1D19401F00A71464 /* PBXTargetDependency */ = {
			isa = PBXTargetDependency;
			target = E7243BA31D19401E00A71464 /* CollectionViewDemo */;
			targetProxy = E7243BC91D19401F00A71464 /* PBXContainerItemProxy */;
		};
/* End PBXTargetDependency section */

/* Begin PBXVariantGroup section */
		E7243BB01D19401F00A71464 /* Main.storyboard */ = {
			isa = PBXVariantGroup;
			children = (
				E7243BB11D19401F00A71464 /* Base */,
			);
			name = Main.storyboard;
			sourceTree = "<group>";
		};
		E7243BB51D19401F00A71464 /* LaunchScreen.storyboard */ = {
			isa = PBXVariantGroup;
			children = (
				E7243BB61D19401F00A71464 /* Base */,
			);
			name = LaunchScreen.storyboard;
			sourceTree = "<group>";
		};
/* End PBXVariantGroup section */

/* Begin XCBuildConfiguration section */
		E7243BCF1D19401F00A71464 /* Debug */ = {
			isa = XCBuildConfiguration;
			buildSettings = {
				ALWAYS_SEARCH_USER_PATHS = NO;
				CLANG_ANALYZER_NONNULL = YES;
				CLANG_CXX_LANGUAGE_STANDARD = "gnu++0x";
				CLANG_CXX_LIBRARY = "libc++";
				CLANG_ENABLE_MODULES = YES;
				CLANG_ENABLE_OBJC_ARC = YES;
				CLANG_WARN_BOOL_CONVERSION = YES;
				CLANG_WARN_CONSTANT_CONVERSION = YES;
				CLANG_WARN_DIRECT_OBJC_ISA_USAGE = YES_ERROR;
				CLANG_WARN_EMPTY_BODY = YES;
				CLANG_WARN_ENUM_CONVERSION = YES;
				CLANG_WARN_INT_CONVERSION = YES;
				CLANG_WARN_OBJC_ROOT_CLASS = YES_ERROR;
				CLANG_WARN_UNREACHABLE_CODE = YES;
				CLANG_WARN__DUPLICATE_METHOD_MATCH = YES;
				"CODE_SIGN_IDENTITY[sdk=iphoneos*]" = "iPhone Developer";
				COPY_PHASE_STRIP = NO;
				DEBUG_INFORMATION_FORMAT = dwarf;
				ENABLE_STRICT_OBJC_MSGSEND = YES;
				ENABLE_TESTABILITY = YES;
				GCC_C_LANGUAGE_STANDARD = gnu99;
				GCC_DYNAMIC_NO_PIC = NO;
				GCC_NO_COMMON_BLOCKS = YES;
				GCC_OPTIMIZATION_LEVEL = 0;
				GCC_PREPROCESSOR_DEFINITIONS = (
					"DEBUG=1",
					"$(inherited)",
				);
				GCC_WARN_64_TO_32_BIT_CONVERSION = YES;
				GCC_WARN_ABOUT_RETURN_TYPE = YES_ERROR;
				GCC_WARN_UNDECLARED_SELECTOR = YES;
				GCC_WARN_UNINITIALIZED_AUTOS = YES_AGGRESSIVE;
				GCC_WARN_UNUSED_FUNCTION = YES;
				GCC_WARN_UNUSED_VARIABLE = YES;
				IPHONEOS_DEPLOYMENT_TARGET = 9.3;
				MTL_ENABLE_DEBUG_INFO = YES;
				ONLY_ACTIVE_ARCH = YES;
				SDKROOT = iphoneos;
			};
			name = Debug;
		};
		E7243BD01D19401F00A71464 /* Release */ = {
			isa = XCBuildConfiguration;
			buildSettings = {
				ALWAYS_SEARCH_USER_PATHS = NO;
				CLANG_ANALYZER_NONNULL = YES;
				CLANG_CXX_LANGUAGE_STANDARD = "gnu++0x";
				CLANG_CXX_LIBRARY = "libc++";
				CLANG_ENABLE_MODULES = YES;
				CLANG_ENABLE_OBJC_ARC = YES;
				CLANG_WARN_BOOL_CONVERSION = YES;
				CLANG_WARN_CONSTANT_CONVERSION = YES;
				CLANG_WARN_DIRECT_OBJC_ISA_USAGE = YES_ERROR;
				CLANG_WARN_EMPTY_BODY = YES;
				CLANG_WARN_ENUM_CONVERSION = YES;
				CLANG_WARN_INT_CONVERSION = YES;
				CLANG_WARN_OBJC_ROOT_CLASS = YES_ERROR;
				CLANG_WARN_UNREACHABLE_CODE = YES;
				CLANG_WARN__DUPLICATE_METHOD_MATCH = YES;
				"CODE_SIGN_IDENTITY[sdk=iphoneos*]" = "iPhone Developer";
				COPY_PHASE_STRIP = NO;
				DEBUG_INFORMATION_FORMAT = "dwarf-with-dsym";
				ENABLE_NS_ASSERTIONS = NO;
				ENABLE_STRICT_OBJC_MSGSEND = YES;
				GCC_C_LANGUAGE_STANDARD = gnu99;
				GCC_NO_COMMON_BLOCKS = YES;
				GCC_WARN_64_TO_32_BIT_CONVERSION = YES;
				GCC_WARN_ABOUT_RETURN_TYPE = YES_ERROR;
				GCC_WARN_UNDECLARED_SELECTOR = YES;
				GCC_WARN_UNINITIALIZED_AUTOS = YES_AGGRESSIVE;
				GCC_WARN_UNUSED_FUNCTION = YES;
				GCC_WARN_UNUSED_VARIABLE = YES;
				IPHONEOS_DEPLOYMENT_TARGET = 9.3;
				MTL_ENABLE_DEBUG_INFO = NO;
				SDKROOT = iphoneos;
				VALIDATE_PRODUCT = YES;
			};
			name = Release;
		};
		E7243BD21D19401F00A71464 /* Debug */ = {
			isa = XCBuildConfiguration;
			buildSettings = {
				ASSETCATALOG_COMPILER_APPICON_NAME = AppIcon;
				CODE_SIGN_IDENTITY = "iPhone Developer";
				"CODE_SIGN_IDENTITY[sdk=iphoneos*]" = "iPhone Developer";
				INFOPLIST_FILE = CollectionViewDemo/Info.plist;
				LD_RUNPATH_SEARCH_PATHS = "$(inherited) @executable_path/Frameworks";
				PRODUCT_BUNDLE_IDENTIFIER = com.aihuo.CollectionViewDemo;
				PRODUCT_NAME = "$(TARGET_NAME)";
				PROVISIONING_PROFILE = "";
			};
			name = Debug;
		};
		E7243BD31D19401F00A71464 /* Release */ = {
			isa = XCBuildConfiguration;
			buildSettings = {
				ASSETCATALOG_COMPILER_APPICON_NAME = AppIcon;
				CODE_SIGN_IDENTITY = "iPhone Developer";
				"CODE_SIGN_IDENTITY[sdk=iphoneos*]" = "iPhone Developer";
				INFOPLIST_FILE = CollectionViewDemo/Info.plist;
				LD_RUNPATH_SEARCH_PATHS = "$(inherited) @executable_path/Frameworks";
				PRODUCT_BUNDLE_IDENTIFIER = com.aihuo.CollectionViewDemo;
				PRODUCT_NAME = "$(TARGET_NAME)";
				PROVISIONING_PROFILE = "";
			};
			name = Release;
		};
		E7243BD51D19401F00A71464 /* Debug */ = {
			isa = XCBuildConfiguration;
			buildSettings = {
				BUNDLE_LOADER = "$(TEST_HOST)";
				INFOPLIST_FILE = CollectionViewDemoTests/Info.plist;
				LD_RUNPATH_SEARCH_PATHS = "$(inherited) @executable_path/Frameworks @loader_path/Frameworks";
				PRODUCT_BUNDLE_IDENTIFIER = com.aihuo.CollectionViewDemoTests;
				PRODUCT_NAME = "$(TARGET_NAME)";
				TEST_HOST = "$(BUILT_PRODUCTS_DIR)/CollectionViewDemo.app/CollectionViewDemo";
			};
			name = Debug;
		};
		E7243BD61D19401F00A71464 /* Release */ = {
			isa = XCBuildConfiguration;
			buildSettings = {
				BUNDLE_LOADER = "$(TEST_HOST)";
				INFOPLIST_FILE = CollectionViewDemoTests/Info.plist;
				LD_RUNPATH_SEARCH_PATHS = "$(inherited) @executable_path/Frameworks @loader_path/Frameworks";
				PRODUCT_BUNDLE_IDENTIFIER = com.aihuo.CollectionViewDemoTests;
				PRODUCT_NAME = "$(TARGET_NAME)";
				TEST_HOST = "$(BUILT_PRODUCTS_DIR)/CollectionViewDemo.app/CollectionViewDemo";
			};
			name = Release;
		};
		E7243BD81D19401F00A71464 /* Debug */ = {
			isa = XCBuildConfiguration;
			buildSettings = {
				INFOPLIST_FILE = CollectionViewDemoUITests/Info.plist;
				LD_RUNPATH_SEARCH_PATHS = "$(inherited) @executable_path/Frameworks @loader_path/Frameworks";
				PRODUCT_BUNDLE_IDENTIFIER = com.aihuo.CollectionViewDemoUITests;
				PRODUCT_NAME = "$(TARGET_NAME)";
				TEST_TARGET_NAME = CollectionViewDemo;
			};
			name = Debug;
		};
		E7243BD91D19401F00A71464 /* Release */ = {
			isa = XCBuildConfiguration;
			buildSettings = {
				INFOPLIST_FILE = CollectionViewDemoUITests/Info.plist;
				LD_RUNPATH_SEARCH_PATHS = "$(inherited) @executable_path/Frameworks @loader_path/Frameworks";
				PRODUCT_BUNDLE_IDENTIFIER = com.aihuo.CollectionViewDemoUITests;
				PRODUCT_NAME = "$(TARGET_NAME)";
				TEST_TARGET_NAME = CollectionViewDemo;
			};
			name = Release;
		};
/* End XCBuildConfiguration section */

/* Begin XCConfigurationList section */
		E7243B9F1D19401E00A71464 /* Build configuration list for PBXProject "CollectionViewDemo" */ = {
			isa = XCConfigurationList;
			buildConfigurations = (
				E7243BCF1D19401F00A71464 /* Debug */,
				E7243BD01D19401F00A71464 /* Release */,
			);
			defaultConfigurationIsVisible = 0;
			defaultConfigurationName = Release;
		};
		E7243BD11D19401F00A71464 /* Build configuration list for PBXNativeTarget "CollectionViewDemo" */ = {
			isa = XCConfigurationList;
			buildConfigurations = (
				E7243BD21D19401F00A71464 /* Debug */,
				E7243BD31D19401F00A71464 /* Release */,
			);
			defaultConfigurationIsVisible = 0;
			defaultConfigurationName = Release;
		};
		E7243BD41D19401F00A71464 /* Build configuration list for PBXNativeTarget "CollectionViewDemoTests" */ = {
			isa = XCConfigurationList;
			buildConfigurations = (
				E7243BD51D19401F00A71464 /* Debug */,
				E7243BD61D19401F00A71464 /* Release */,
			);
			defaultConfigurationIsVisible = 0;
			defaultConfigurationName = Release;
		};
		E7243BD71D19401F00A71464 /* Build configuration list for PBXNativeTarget "CollectionViewDemoUITests" */ = {
			isa = XCConfigurationList;
			buildConfigurations = (
				E7243BD81D19401F00A71464 /* Debug */,
				E7243BD91D19401F00A71464 /* Release */,
			);
			defaultConfigurationIsVisible = 0;
			defaultConfigurationName = Release;
		};
/* End XCConfigurationList section */
	};
	rootObject = E7243B9C1D19401E00A71464 /* Project object */;
}
